
Microsoft Visual Studio Solution File, Format Version 12.00
# Visual Studio Version 17
VisualStudioVersion = 17.1.32328.378
MinimumVisualStudioVersion = 10.0.40219.1
Project("{FAE04EC0-301F-11D3-BF4B-00C04F79EFBC}") = "APBD_CW2", "APBD_CW2\APBD_CW2.csproj", "{F1F81B56-42B3-4FAE-8FA6-1082263C3AB9}"
EndProject
Global
	GlobalSection(SolutionConfigurationPlatforms) = preSolution
		Debug|Any CPU = Debug|Any CPU
		Release|Any CPU = Release|Any CPU
	EndGlobalSection
	GlobalSection(ProjectConfigurationPlatforms) = postSolution
		{F1F81B56-42B3-4FAE-8FA6-1082263C3AB9}.Debug|Any CPU.ActiveCfg = Debug|Any CPU
		{F1F81B56-42B3-4FAE-8FA6-1082263C3AB9}.Debug|Any CPU.Build.0 = Debug|Any CPU
		{F1F81B56-42B3-4FAE-8FA6-1082263C3AB9}.Release|Any CPU.ActiveCfg = Release|Any CPU
		{F1F81B56-42B3-4FAE-8FA6-1082263C3AB9}.Release|Any CPU.Build.0 = Release|Any CPU
	EndGlobalSection
	GlobalSection(SolutionProperties) = preSolution
		HideSolutionNode = FALSE
	EndGlobalSection
	GlobalSection(ExtensibilityGlobals) = postSolution
		SolutionGuid = {0DEFB928-EF82-4B0D-8474-16FDA330893C}
	EndGlobalSection
EndGlobal
